
Microsoft Visual Studio Solution File, Format Version 12.00
# Visual Studio Version 17
VisualStudioVersion = 17.11.35303.130
MinimumVisualStudioVersion = 10.0.40219.1
Project("{FAE04EC0-301F-11D3-BF4B-00C04F79EFBC}") = "wykresy", "wykresy\wykresy.csproj", "{099546C1-1C72-4863-9144-A5799D159774}"
EndProject
Global
	GlobalSection(SolutionConfigurationPlatforms) = preSolution
		Debug|Any CPU = Debug|Any CPU
		Release|Any CPU = Release|Any CPU
	EndGlobalSection
	GlobalSection(ProjectConfigurationPlatforms) = postSolution
		{099546C1-1C72-4863-9144-A5799D159774}.Debug|Any CPU.ActiveCfg = Debug|Any CPU
		{099546C1-1C72-4863-9144-A5799D159774}.Debug|Any CPU.Build.0 = Debug|Any CPU
		{099546C1-1C72-4863-9144-A5799D159774}.Release|Any CPU.ActiveCfg = Release|Any CPU
		{099546C1-1C72-4863-9144-A5799D159774}.Release|Any CPU.Build.0 = Release|Any CPU
	EndGlobalSection
	GlobalSection(SolutionProperties) = preSolution
		HideSolutionNode = FALSE
	EndGlobalSection
	GlobalSection(ExtensibilityGlobals) = postSolution
		SolutionGuid = {0CD3B7B8-3C87-42A8-94B2-BF18B2527082}
	EndGlobalSection
EndGlobal
